
Microsoft Visual Studio Solution File, Format Version 12.00
# Visual Studio Version 16
VisualStudioVersion = 16.0.29519.87
MinimumVisualStudioVersion = 10.0.40219.1
Project("{9A19103F-16F7-4668-BE54-9A1E7A4F7556}") = "Sudoku", "Sudoku\Sudoku.csproj", "{D9285907-93F5-4E5F-B5A7-1DBDD959637C}"
EndProject
Project("{9A19103F-16F7-4668-BE54-9A1E7A4F7556}") = "WPFSudoku", "D:\ВЫШКА\ДЗ\Прога\C#\TeamProject\SudokuProject\SudokuProject\WPFSudoku.csproj", "{869445E0-F2C6-4CF6-82E7-F43DC82FAAEF}"
EndProject
Global
	GlobalSection(SolutionConfigurationPlatforms) = preSolution
		Debug|Any CPU = Debug|Any CPU
		Release|Any CPU = Release|Any CPU
	EndGlobalSection
	GlobalSection(ProjectConfigurationPlatforms) = postSolution
		{D9285907-93F5-4E5F-B5A7-1DBDD959637C}.Debug|Any CPU.ActiveCfg = Debug|Any CPU
		{D9285907-93F5-4E5F-B5A7-1DBDD959637C}.Debug|Any CPU.Build.0 = Debug|Any CPU
		{D9285907-93F5-4E5F-B5A7-1DBDD959637C}.Release|Any CPU.ActiveCfg = Release|Any CPU
		{D9285907-93F5-4E5F-B5A7-1DBDD959637C}.Release|Any CPU.Build.0 = Release|Any CPU
		{869445E0-F2C6-4CF6-82E7-F43DC82FAAEF}.Debug|Any CPU.ActiveCfg = Debug|Any CPU
		{869445E0-F2C6-4CF6-82E7-F43DC82FAAEF}.Debug|Any CPU.Build.0 = Debug|Any CPU
		{869445E0-F2C6-4CF6-82E7-F43DC82FAAEF}.Release|Any CPU.ActiveCfg = Release|Any CPU
		{869445E0-F2C6-4CF6-82E7-F43DC82FAAEF}.Release|Any CPU.Build.0 = Release|Any CPU
	EndGlobalSection
	GlobalSection(SolutionProperties) = preSolution
		HideSolutionNode = FALSE
	EndGlobalSection
	GlobalSection(ExtensibilityGlobals) = postSolution
		SolutionGuid = {3DB22F2B-891E-44F2-8507-6A7A65A762D4}
	EndGlobalSection
EndGlobal
